
Microsoft Visual Studio Solution File, Format Version 12.00
# Visual Studio Version 16
VisualStudioVersion = 16.0.28917.181
MinimumVisualStudioVersion = 10.0.40219.1
Project("{2150E333-8FDC-42A3-9474-1A3956D46DE8}") = "Services", "Services", "{DDD171D3-4F1F-4802-B22B-EC19A078AB06}"
EndProject
Project("{2150E333-8FDC-42A3-9474-1A3956D46DE8}") = "Gateway", "Gateway", "{4C424A0F-16C5-42D8-8CB3-BB88401B4DBA}"
EndProject
Project("{9A19103F-16F7-4668-BE54-9A1E7A4F7556}") = "Gateway.Api", "Gateway.Api\Gateway.Api.csproj", "{3A9DAC82-75CA-4314-B540-BC4C429ADA74}"
EndProject
Project("{9A19103F-16F7-4668-BE54-9A1E7A4F7556}") = "Auth.Api", "Auth.Api\Auth.Api.csproj", "{D538D79C-9D54-459F-A0A8-07379DEDEE41}"
EndProject
Project("{2150E333-8FDC-42A3-9474-1A3956D46DE8}") = "Tests", "Tests", "{2B68AA97-2192-43C7-87B4-895C3946391E}"
EndProject
Project("{9A19103F-16F7-4668-BE54-9A1E7A4F7556}") = "Trip.Api", "Trip.Api\Trip.Api.csproj", "{C623FD5E-F559-4431-9389-787A7EA5E488}"
EndProject
Project("{FAE04EC0-301F-11D3-BF4B-00C04F79EFBC}") = "TMS.Tests", "TMS.Tests\TMS.Tests.csproj", "{ED3E4B71-13EC-4AC3-BF3F-7F436BA3892D}"
EndProject
Global
	GlobalSection(SolutionConfigurationPlatforms) = preSolution
		Debug|Any CPU = Debug|Any CPU
		Release|Any CPU = Release|Any CPU
	EndGlobalSection
	GlobalSection(ProjectConfigurationPlatforms) = postSolution
		{3A9DAC82-75CA-4314-B540-BC4C429ADA74}.Debug|Any CPU.ActiveCfg = Debug|Any CPU
		{3A9DAC82-75CA-4314-B540-BC4C429ADA74}.Debug|Any CPU.Build.0 = Debug|Any CPU
		{3A9DAC82-75CA-4314-B540-BC4C429ADA74}.Release|Any CPU.ActiveCfg = Release|Any CPU
		{3A9DAC82-75CA-4314-B540-BC4C429ADA74}.Release|Any CPU.Build.0 = Release|Any CPU
		{D538D79C-9D54-459F-A0A8-07379DEDEE41}.Debug|Any CPU.ActiveCfg = Debug|Any CPU
		{D538D79C-9D54-459F-A0A8-07379DEDEE41}.Debug|Any CPU.Build.0 = Debug|Any CPU
		{D538D79C-9D54-459F-A0A8-07379DEDEE41}.Release|Any CPU.ActiveCfg = Release|Any CPU
		{D538D79C-9D54-459F-A0A8-07379DEDEE41}.Release|Any CPU.Build.0 = Release|Any CPU
		{C623FD5E-F559-4431-9389-787A7EA5E488}.Debug|Any CPU.ActiveCfg = Debug|Any CPU
		{C623FD5E-F559-4431-9389-787A7EA5E488}.Debug|Any CPU.Build.0 = Debug|Any CPU
		{C623FD5E-F559-4431-9389-787A7EA5E488}.Release|Any CPU.ActiveCfg = Release|Any CPU
		{C623FD5E-F559-4431-9389-787A7EA5E488}.Release|Any CPU.Build.0 = Release|Any CPU
		{ED3E4B71-13EC-4AC3-BF3F-7F436BA3892D}.Debug|Any CPU.ActiveCfg = Debug|Any CPU
		{ED3E4B71-13EC-4AC3-BF3F-7F436BA3892D}.Debug|Any CPU.Build.0 = Debug|Any CPU
		{ED3E4B71-13EC-4AC3-BF3F-7F436BA3892D}.Release|Any CPU.ActiveCfg = Release|Any CPU
		{ED3E4B71-13EC-4AC3-BF3F-7F436BA3892D}.Release|Any CPU.Build.0 = Release|Any CPU
	EndGlobalSection
	GlobalSection(SolutionProperties) = preSolution
		HideSolutionNode = FALSE
	EndGlobalSection
	GlobalSection(NestedProjects) = preSolution
		{3A9DAC82-75CA-4314-B540-BC4C429ADA74} = {4C424A0F-16C5-42D8-8CB3-BB88401B4DBA}
		{D538D79C-9D54-459F-A0A8-07379DEDEE41} = {DDD171D3-4F1F-4802-B22B-EC19A078AB06}
		{C623FD5E-F559-4431-9389-787A7EA5E488} = {DDD171D3-4F1F-4802-B22B-EC19A078AB06}
		{ED3E4B71-13EC-4AC3-BF3F-7F436BA3892D} = {2B68AA97-2192-43C7-87B4-895C3946391E}
	EndGlobalSection
	GlobalSection(ExtensibilityGlobals) = postSolution
		SolutionGuid = {537582B9-2A34-4D9E-BD52-26F7FFAF54E9}
	EndGlobalSection
EndGlobal
